
Microsoft Visual Studio Solution File, Format Version 12.00
# Visual Studio Version 16
VisualStudioVersion = 16.0.30717.126
MinimumVisualStudioVersion = 10.0.40219.1
Project("{FAE04EC0-301F-11D3-BF4B-00C04F79EFBC}") = "ZooShop", "ZooShop\ZooShop.csproj", "{FE3E6684-9033-4A0A-A821-1115A2C53E93}"
EndProject
Global
	GlobalSection(SolutionConfigurationPlatforms) = preSolution
		Debug|Any CPU = Debug|Any CPU
		Release|Any CPU = Release|Any CPU
	EndGlobalSection
	GlobalSection(ProjectConfigurationPlatforms) = postSolution
		{FE3E6684-9033-4A0A-A821-1115A2C53E93}.Debug|Any CPU.ActiveCfg = Debug|Any CPU
		{FE3E6684-9033-4A0A-A821-1115A2C53E93}.Debug|Any CPU.Build.0 = Debug|Any CPU
		{FE3E6684-9033-4A0A-A821-1115A2C53E93}.Release|Any CPU.ActiveCfg = Release|Any CPU
		{FE3E6684-9033-4A0A-A821-1115A2C53E93}.Release|Any CPU.Build.0 = Release|Any CPU
	EndGlobalSection
	GlobalSection(SolutionProperties) = preSolution
		HideSolutionNode = FALSE
	EndGlobalSection
	GlobalSection(ExtensibilityGlobals) = postSolution
		SolutionGuid = {02B3AC59-DDAD-4C43-B8D0-856376EE2B35}
	EndGlobalSection
EndGlobal
